
Microsoft Visual Studio Solution File, Format Version 12.00
# Visual Studio Version 17
VisualStudioVersion = 17.13.35931.197 d17.13
MinimumVisualStudioVersion = 10.0.40219.1
Project("{FAE04EC0-301F-11D3-BF4B-00C04F79EFBC}") = "CodeGenerator", "CodeGenerator\CodeGenerator.csproj", "{C0063AC2-519B-43EB-A427-2DC1E981B590}"
EndProject
Global
	GlobalSection(SolutionConfigurationPlatforms) = preSolution
		Debug|Any CPU = Debug|Any CPU
		Release|Any CPU = Release|Any CPU
	EndGlobalSection
	GlobalSection(ProjectConfigurationPlatforms) = postSolution
		{C0063AC2-519B-43EB-A427-2DC1E981B590}.Debug|Any CPU.ActiveCfg = Debug|Any CPU
		{C0063AC2-519B-43EB-A427-2DC1E981B590}.Debug|Any CPU.Build.0 = Debug|Any CPU
		{C0063AC2-519B-43EB-A427-2DC1E981B590}.Release|Any CPU.ActiveCfg = Release|Any CPU
		{C0063AC2-519B-43EB-A427-2DC1E981B590}.Release|Any CPU.Build.0 = Release|Any CPU
	EndGlobalSection
	GlobalSection(SolutionProperties) = preSolution
		HideSolutionNode = FALSE
	EndGlobalSection
	GlobalSection(ExtensibilityGlobals) = postSolution
		SolutionGuid = {6B5DDF9A-BD2D-4094-B8FB-E5BB3D1382B0}
	EndGlobalSection
EndGlobal
